
Microsoft Visual Studio Solution File, Format Version 12.00
# Visual Studio Version 16
VisualStudioVersion = 16.0.30717.126
MinimumVisualStudioVersion = 10.0.40219.1
Project("{8BC9CEB8-8B4A-11D0-8D11-00A0C91BC942}") = "20201004_Quest_1_1", "20201004_Quest_1_1\20201004_Quest_1_1.vcxproj", "{7B739C16-4794-46F8-B73A-C0A50BA8E042}"
EndProject
Project("{8BC9CEB8-8B4A-11D0-8D11-00A0C91BC942}") = "20201011_Quest_2_1", "20201011_Quest_2_1\20201011_Quest_2_1.vcxproj", "{620AB7F8-2F5C-4353-AF89-AE42A90492F0}"
EndProject
Project("{8BC9CEB8-8B4A-11D0-8D11-00A0C91BC942}") = "20201011_Quest_2_2", "20201011_Quest_2_2\20201011_Quest_2_2.vcxproj", "{77AB3B6E-BAA8-4A02-9040-2CF85DB9606F}"
EndProject
Project("{8BC9CEB8-8B4A-11D0-8D11-00A0C91BC942}") = "20201011_Quest_2_3", "20201011_Quest_2_3\20201011_Quest_2_3.vcxproj", "{51697631-38AD-4C1F-A956-07427070C607}"
EndProject
Project("{8BC9CEB8-8B4A-11D0-8D11-00A0C91BC942}") = "20201018_Quest_3_1", "20201018_Quest_3_1\20201018_Quest_3_1.vcxproj", "{E145F616-B54B-448F-8187-F85238A1F2E9}"
EndProject
Project("{8BC9CEB8-8B4A-11D0-8D11-00A0C91BC942}") = "20201025_Quest_4_1", "20201025_Quest_4_1\20201025_Quest_4_1.vcxproj", "{C39E020A-16C8-4495-825C-B58EAD9B24BA}"
EndProject
Project("{8BC9CEB8-8B4A-11D0-8D11-00A0C91BC942}") = "20201108_Quest_5_1", "20201108_Quest_5_1\20201108_Quest_5_1.vcxproj", "{9F4C951A-3D40-45F6-8502-FB3A5E133331}"
EndProject
Project("{8BC9CEB8-8B4A-11D0-8D11-00A0C91BC942}") = "20201115_Quest_6_1", "20201115_Quest_6_1\20201115_Quest_6_1.vcxproj", "{CCC9E96A-021F-4A37-A17C-398DF0377E37}"
EndProject
Project("{8BC9CEB8-8B4A-11D0-8D11-00A0C91BC942}") = "20201122_Quest_7_1", "20201122_Quest_7_1\20201122_Quest_7_1.vcxproj", "{59BC771E-627C-4404-A77B-A3F150F9489F}"
EndProject
Project("{8BC9CEB8-8B4A-11D0-8D11-00A0C91BC942}") = "20201129_Quest_8_1", "20201129_Quest_8_1\20201129_Quest_8_1.vcxproj", "{B9C921D5-2E45-4D4A-A112-E609D73830A2}"
EndProject
Global
	GlobalSection(SolutionConfigurationPlatforms) = preSolution
		Debug|x64 = Debug|x64
		Debug|x86 = Debug|x86
		Release|x64 = Release|x64
		Release|x86 = Release|x86
	EndGlobalSection
	GlobalSection(ProjectConfigurationPlatforms) = postSolution
		{7B739C16-4794-46F8-B73A-C0A50BA8E042}.Debug|x64.ActiveCfg = Debug|x64
		{7B739C16-4794-46F8-B73A-C0A50BA8E042}.Debug|x64.Build.0 = Debug|x64
		{7B739C16-4794-46F8-B73A-C0A50BA8E042}.Debug|x86.ActiveCfg = Debug|Win32
		{7B739C16-4794-46F8-B73A-C0A50BA8E042}.Debug|x86.Build.0 = Debug|Win32
		{7B739C16-4794-46F8-B73A-C0A50BA8E042}.Release|x64.ActiveCfg = Release|x64
		{7B739C16-4794-46F8-B73A-C0A50BA8E042}.Release|x64.Build.0 = Release|x64
		{7B739C16-4794-46F8-B73A-C0A50BA8E042}.Release|x86.ActiveCfg = Release|Win32
		{7B739C16-4794-46F8-B73A-C0A50BA8E042}.Release|x86.Build.0 = Release|Win32
		{620AB7F8-2F5C-4353-AF89-AE42A90492F0}.Debug|x64.ActiveCfg = Debug|x64
		{620AB7F8-2F5C-4353-AF89-AE42A90492F0}.Debug|x64.Build.0 = Debug|x64
		{620AB7F8-2F5C-4353-AF89-AE42A90492F0}.Debug|x86.ActiveCfg = Debug|Win32
		{620AB7F8-2F5C-4353-AF89-AE42A90492F0}.Debug|x86.Build.0 = Debug|Win32
		{620AB7F8-2F5C-4353-AF89-AE42A90492F0}.Release|x64.ActiveCfg = Release|x64
		{620AB7F8-2F5C-4353-AF89-AE42A90492F0}.Release|x64.Build.0 = Release|x64
		{620AB7F8-2F5C-4353-AF89-AE42A90492F0}.Release|x86.ActiveCfg = Release|Win32
		{620AB7F8-2F5C-4353-AF89-AE42A90492F0}.Release|x86.Build.0 = Release|Win32
		{77AB3B6E-BAA8-4A02-9040-2CF85DB9606F}.Debug|x64.ActiveCfg = Debug|x64
		{77AB3B6E-BAA8-4A02-9040-2CF85DB9606F}.Debug|x64.Build.0 = Debug|x64
		{77AB3B6E-BAA8-4A02-9040-2CF85DB9606F}.Debug|x86.ActiveCfg = Debug|Win32
		{77AB3B6E-BAA8-4A02-9040-2CF85DB9606F}.Debug|x86.Build.0 = Debug|Win32
		{77AB3B6E-BAA8-4A02-9040-2CF85DB9606F}.Release|x64.ActiveCfg = Release|x64
		{77AB3B6E-BAA8-4A02-9040-2CF85DB9606F}.Release|x64.Build.0 = Release|x64
		{77AB3B6E-BAA8-4A02-9040-2CF85DB9606F}.Release|x86.ActiveCfg = Release|Win32
		{77AB3B6E-BAA8-4A02-9040-2CF85DB9606F}.Release|x86.Build.0 = Release|Win32
		{51697631-38AD-4C1F-A956-07427070C607}.Debug|x64.ActiveCfg = Debug|x64
		{51697631-38AD-4C1F-A956-07427070C607}.Debug|x64.Build.0 = Debug|x64
		{51697631-38AD-4C1F-A956-07427070C607}.Debug|x86.ActiveCfg = Debug|Win32
		{51697631-38AD-4C1F-A956-07427070C607}.Debug|x86.Build.0 = Debug|Win32
		{51697631-38AD-4C1F-A956-07427070C607}.Release|x64.ActiveCfg = Release|x64
		{51697631-38AD-4C1F-A956-07427070C607}.Release|x64.Build.0 = Release|x64
		{51697631-38AD-4C1F-A956-07427070C607}.Release|x86.ActiveCfg = Release|Win32
		{51697631-38AD-4C1F-A956-07427070C607}.Release|x86.Build.0 = Release|Win32
		{E145F616-B54B-448F-8187-F85238A1F2E9}.Debug|x64.ActiveCfg = Debug|x64
		{E145F616-B54B-448F-8187-F85238A1F2E9}.Debug|x64.Build.0 = Debug|x64
		{E145F616-B54B-448F-8187-F85238A1F2E9}.Debug|x86.ActiveCfg = Debug|Win32
		{E145F616-B54B-448F-8187-F85238A1F2E9}.Debug|x86.Build.0 = Debug|Win32
		{E145F616-B54B-448F-8187-F85238A1F2E9}.Release|x64.ActiveCfg = Release|x64
		{E145F616-B54B-448F-8187-F85238A1F2E9}.Release|x64.Build.0 = Release|x64
		{E145F616-B54B-448F-8187-F85238A1F2E9}.Release|x86.ActiveCfg = Release|Win32
		{E145F616-B54B-448F-8187-F85238A1F2E9}.Release|x86.Build.0 = Release|Win32
		{C39E020A-16C8-4495-825C-B58EAD9B24BA}.Debug|x64.ActiveCfg = Debug|x64
		{C39E020A-16C8-4495-825C-B58EAD9B24BA}.Debug|x64.Build.0 = Debug|x64
		{C39E020A-16C8-4495-825C-B58EAD9B24BA}.Debug|x86.ActiveCfg = Debug|Win32
		{C39E020A-16C8-4495-825C-B58EAD9B24BA}.Debug|x86.Build.0 = Debug|Win32
		{C39E020A-16C8-4495-825C-B58EAD9B24BA}.Release|x64.ActiveCfg = Release|x64
		{C39E020A-16C8-4495-825C-B58EAD9B24BA}.Release|x64.Build.0 = Release|x64
		{C39E020A-16C8-4495-825C-B58EAD9B24BA}.Release|x86.ActiveCfg = Release|Win32
		{C39E020A-16C8-4495-825C-B58EAD9B24BA}.Release|x86.Build.0 = Release|Win32
		{9F4C951A-3D40-45F6-8502-FB3A5E133331}.Debug|x64.ActiveCfg = Debug|x64
		{9F4C951A-3D40-45F6-8502-FB3A5E133331}.Debug|x64.Build.0 = Debug|x64
		{9F4C951A-3D40-45F6-8502-FB3A5E133331}.Debug|x86.ActiveCfg = Debug|Win32
		{9F4C951A-3D40-45F6-8502-FB3A5E133331}.Debug|x86.Build.0 = Debug|Win32
		{9F4C951A-3D40-45F6-8502-FB3A5E133331}.Release|x64.ActiveCfg = Release|x64
		{9F4C951A-3D40-45F6-8502-FB3A5E133331}.Release|x64.Build.0 = Release|x64
		{9F4C951A-3D40-45F6-8502-FB3A5E133331}.Release|x86.ActiveCfg = Release|Win32
		{9F4C951A-3D40-45F6-8502-FB3A5E133331}.Release|x86.Build.0 = Release|Win32
		{CCC9E96A-021F-4A37-A17C-398DF0377E37}.Debug|x64.ActiveCfg = Debug|x64
		{CCC9E96A-021F-4A37-A17C-398DF0377E37}.Debug|x64.Build.0 = Debug|x64
		{CCC9E96A-021F-4A37-A17C-398DF0377E37}.Debug|x86.ActiveCfg = Debug|Win32
		{CCC9E96A-021F-4A37-A17C-398DF0377E37}.Debug|x86.Build.0 = Debug|Win32
		{CCC9E96A-021F-4A37-A17C-398DF0377E37}.Release|x64.ActiveCfg = Release|x64
		{CCC9E96A-021F-4A37-A17C-398DF0377E37}.Release|x64.Build.0 = Release|x64
		{CCC9E96A-021F-4A37-A17C-398DF0377E37}.Release|x86.ActiveCfg = Release|Win32
		{CCC9E96A-021F-4A37-A17C-398DF0377E37}.Release|x86.Build.0 = Release|Win32
		{59BC771E-627C-4404-A77B-A3F150F9489F}.Debug|x64.ActiveCfg = Debug|x64
		{59BC771E-627C-4404-A77B-A3F150F9489F}.Debug|x64.Build.0 = Debug|x64
		{59BC771E-627C-4404-A77B-A3F150F9489F}.Debug|x86.ActiveCfg = Debug|Win32
		{59BC771E-627C-4404-A77B-A3F150F9489F}.Debug|x86.Build.0 = Debug|Win32
		{59BC771E-627C-4404-A77B-A3F150F9489F}.Release|x64.ActiveCfg = Release|x64
		{59BC771E-627C-4404-A77B-A3F150F9489F}.Release|x64.Build.0 = Release|x64
		{59BC771E-627C-4404-A77B-A3F150F9489F}.Release|x86.ActiveCfg = Release|Win32
		{59BC771E-627C-4404-A77B-A3F150F9489F}.Release|x86.Build.0 = Release|Win32
		{B9C921D5-2E45-4D4A-A112-E609D73830A2}.Debug|x64.ActiveCfg = Debug|x64
		{B9C921D5-2E45-4D4A-A112-E609D73830A2}.Debug|x64.Build.0 = Debug|x64
		{B9C921D5-2E45-4D4A-A112-E609D73830A2}.Debug|x86.ActiveCfg = Debug|Win32
		{B9C921D5-2E45-4D4A-A112-E609D73830A2}.Debug|x86.Build.0 = Debug|Win32
		{B9C921D5-2E45-4D4A-A112-E609D73830A2}.Release|x64.ActiveCfg = Release|x64
		{B9C921D5-2E45-4D4A-A112-E609D73830A2}.Release|x64.Build.0 = Release|x64
		{B9C921D5-2E45-4D4A-A112-E609D73830A2}.Release|x86.ActiveCfg = Release|Win32
		{B9C921D5-2E45-4D4A-A112-E609D73830A2}.Release|x86.Build.0 = Release|Win32
	EndGlobalSection
	GlobalSection(SolutionProperties) = preSolution
		HideSolutionNode = FALSE
	EndGlobalSection
	GlobalSection(ExtensibilityGlobals) = postSolution
		SolutionGuid = {55940020-215F-448F-89D8-5D6BF31ABD40}
	EndGlobalSection
EndGlobal
